
Microsoft Visual Studio Solution File, Format Version 12.00
# Visual Studio 15
Project("{FAE04EC0-301F-11D3-BF4B-00C04F79EFBC}") = "Assembly-CSharp", "Assembly-CSharp.csproj", "{99DA454A-6A9E-D465-EFD2-754A55039487}"
EndProject
Project("{FAE04EC0-301F-11D3-BF4B-00C04F79EFBC}") = "Nobi.UiRoundedCorners", "Nobi.UiRoundedCorners.csproj", "{9369EB99-35A9-A6F3-C6B9-C9DD11EE04A9}"
EndProject
Global
	GlobalSection(SolutionConfigurationPlatforms) = preSolution
		Debug|Any CPU = Debug|Any CPU
		Release|Any CPU = Release|Any CPU
	EndGlobalSection
	GlobalSection(ProjectConfigurationPlatforms) = postSolution
		{99DA454A-6A9E-D465-EFD2-754A55039487}.Debug|Any CPU.ActiveCfg = Debug|Any CPU
		{99DA454A-6A9E-D465-EFD2-754A55039487}.Debug|Any CPU.Build.0 = Debug|Any CPU
		{99DA454A-6A9E-D465-EFD2-754A55039487}.Release|Any CPU.ActiveCfg = Release|Any CPU
		{99DA454A-6A9E-D465-EFD2-754A55039487}.Release|Any CPU.Build.0 = Release|Any CPU
		{9369EB99-35A9-A6F3-C6B9-C9DD11EE04A9}.Debug|Any CPU.ActiveCfg = Debug|Any CPU
		{9369EB99-35A9-A6F3-C6B9-C9DD11EE04A9}.Debug|Any CPU.Build.0 = Debug|Any CPU
		{9369EB99-35A9-A6F3-C6B9-C9DD11EE04A9}.Release|Any CPU.ActiveCfg = Release|Any CPU
		{9369EB99-35A9-A6F3-C6B9-C9DD11EE04A9}.Release|Any CPU.Build.0 = Release|Any CPU
	EndGlobalSection
	GlobalSection(SolutionProperties) = preSolution
		HideSolutionNode = FALSE
	EndGlobalSection
EndGlobal
